
Microsoft Visual Studio Solution File, Format Version 12.00
# Visual Studio Version 16
VisualStudioVersion = 16.0.31702.278
MinimumVisualStudioVersion = 10.0.40219.1
Project("{FAE04EC0-301F-11D3-BF4B-00C04F79EFBC}") = "2210-AustinSydnieKinslee-Project4", "2210-AustinSydnieKinslee-Project4\2210-AustinSydnieKinslee-Project4.csproj", "{9DE4579A-A3CE-45AE-B381-3E0AA2CB5A12}"
EndProject
Global
	GlobalSection(SolutionConfigurationPlatforms) = preSolution
		Debug|Any CPU = Debug|Any CPU
		Release|Any CPU = Release|Any CPU
	EndGlobalSection
	GlobalSection(ProjectConfigurationPlatforms) = postSolution
		{9DE4579A-A3CE-45AE-B381-3E0AA2CB5A12}.Debug|Any CPU.ActiveCfg = Debug|Any CPU
		{9DE4579A-A3CE-45AE-B381-3E0AA2CB5A12}.Debug|Any CPU.Build.0 = Debug|Any CPU
		{9DE4579A-A3CE-45AE-B381-3E0AA2CB5A12}.Release|Any CPU.ActiveCfg = Release|Any CPU
		{9DE4579A-A3CE-45AE-B381-3E0AA2CB5A12}.Release|Any CPU.Build.0 = Release|Any CPU
	EndGlobalSection
	GlobalSection(SolutionProperties) = preSolution
		HideSolutionNode = FALSE
	EndGlobalSection
	GlobalSection(ExtensibilityGlobals) = postSolution
		SolutionGuid = {C060A4B4-39C0-4708-A0FD-E9923CAFB6E2}
	EndGlobalSection
EndGlobal
